<?xml version="1.0" encoding="utf-8"?>
<Project ToolsVersion="4.0" xmlns="http://schemas.microsoft.com/developer/msbuild/2003">
  <ItemGroup>
    <Filter Include="Source Files">
      <UniqueIdentifier>{4FC737F1-C7A5-4376-A066-2A32D752A2FF}</UniqueIdentifier>
      <Extensions>cpp;c;cc;cxx;def;odl;idl;hpj;bat;asm;asmx</Extensions>
    </Filter>
    <Filter Include="Header Files">
      <UniqueIdentifier>{93995380-89BD-4b04-88EB-625FBE52EBFB}</UniqueIdentifier>
      <Extensions>h;hh;hpp;hxx;hm;inl;inc;ipp;xsd</Extensions>
    </Filter>
    <Filter Include="Resource Files">
      <UniqueIdentifier>{67DA6AB6-F800-4c08-8B7A-83BB121AAD01}</UniqueIdentifier>
      <Extensions>rc;ico;cur;bmp;dlg;rc2;rct;bin;rgs;gif;jpg;jpeg;jpe;resx;tiff;tif;png;wav;mfcribbon-ms</Extensions>
    </Filter>
    <Filter Include="Source Files\Shaders">
      <UniqueIdentifier>{3589b4b6-d550-4980-882a-44cf1989c7d5}</UniqueIdentifier>
    </Filter>
    <Filter Include="Source Files\Engine">
      <UniqueIdentifier>{e227d1bc-9b35-434f-b774-e91c4025fac7}</UniqueIdentifier>
    </Filter>
    <Filter Include="Source Files\App">
      <UniqueIdentifier>{868f60e0-ddc8-4a77-89e7-21b46bc6ed36}</UniqueIdentifier>
    </Filter>
    <Filter Include="Source Files\Shaders\Constant">
      <UniqueIdentifier>{ef21b47d-737f-4152-8c5c-8295b3fda910}</UniqueIdentifier>
    </Filter>
    <Filter Include="Source Files\Shaders\Basic">
      <UniqueIdentifier>{9b9a41dc-643a-464a-92a8-11c412240573}</UniqueIdentifier>
    </Filter>
    <Filter Include="Assets">
      <UniqueIdentifier>{47097a35-d0a1-4ef6-9fea-0d7756046e9d}</UniqueIdentifier>
    </Filter>
    <Filter Include="Source Files\Engine\Model">
      <UniqueIdentifier>{1c3b4ebf-8916-4b39-b214-bf8a78451db0}</UniqueIdentifier>
    </Filter>
    <Filter Include="Source Files\Engine\Program">
      <UniqueIdentifier>{37d79250-a2a2-4d48-8220-b7dcb74ec64b}</UniqueIdentifier>
    </Filter>
    <Filter Include="Source Files\Engine\Managers">
      <UniqueIdentifier>{b1ae2518-e62f-4a96-a083-365c824593ca}</UniqueIdentifier>
    </Filter>
    <Filter Include="Header Files\Static">
      <UniqueIdentifier>{98564f29-f3e9-4859-8995-f725dd376017}</UniqueIdentifier>
    </Filter>
    <Filter Include="Source Files\Engine\Entities">
      <UniqueIdentifier>{8ebe74ac-71ba-4b8b-b02c-f66ef6ff7d3c}</UniqueIdentifier>
    </Filter>
    <Filter Include="Source Files\Engine\Entities\Instancing">
      <UniqueIdentifier>{e93c0f42-20ff-4867-b06a-73a6ea719320}</UniqueIdentifier>
    </Filter>
    <Filter Include="Source Files\Engine\Hitboxes">
      <UniqueIdentifier>{c6d7e8c8-fe5a-4c3c-ae53-4fffa5e7030d}</UniqueIdentifier>
    </Filter>
    <Filter Include="Source Files\Engine\Math">
      <UniqueIdentifier>{2dd8bfb7-fc1f-4b22-a596-23af4271ae5f}</UniqueIdentifier>
    </Filter>
  </ItemGroup>
  <ItemGroup>
    <ClCompile Include="Main.cpp">
      <Filter>Source Files</Filter>
    </ClCompile>
    <ClCompile Include="Renderer.cpp">
      <Filter>Source Files\Engine</Filter>
    </ClCompile>
    <ClCompile Include="Camera.cpp">
      <Filter>Source Files\Engine</Filter>
    </ClCompile>
    <ClCompile Include="GameEngine.cpp">
      <Filter>Source Files\Engine</Filter>
    </ClCompile>
    <ClCompile Include="App.cpp">
      <Filter>Source Files\App</Filter>
    </ClCompile>
    <ClCompile Include="Player.cpp">
      <Filter>Source Files\App</Filter>
    </ClCompile>
    <ClCompile Include="LightSource.cpp">
      <Filter>Source Files\Engine</Filter>
    </ClCompile>
    <ClCompile Include="InputManager.cpp">
      <Filter>Source Files\Engine</Filter>
    </ClCompile>
    <ClCompile Include="Face.cpp">
      <Filter>Source Files\Engine\Model</Filter>
    </ClCompile>
    <ClCompile Include="Material.cpp">
      <Filter>Source Files\Engine\Model</Filter>
    </ClCompile>
    <ClCompile Include="Mesh.cpp">
      <Filter>Source Files\Engine\Model</Filter>
    </ClCompile>
    <ClCompile Include="Model.cpp">
      <Filter>Source Files\Engine\Model</Filter>
    </ClCompile>
    <ClCompile Include="Shader.cpp">
      <Filter>Source Files\Engine\Program</Filter>
    </ClCompile>
    <ClCompile Include="Program.cpp">
      <Filter>Source Files\Engine\Program</Filter>
    </ClCompile>
    <ClCompile Include="ResourceManager.cpp">
      <Filter>Source Files\Engine\Managers</Filter>
    </ClCompile>
    <ClCompile Include="Texture.cpp">
      <Filter>Source Files\Engine\Model</Filter>
    </ClCompile>
    <ClCompile Include="Map.cpp">
      <Filter>Source Files\App</Filter>
    </ClCompile>
    <ClCompile Include="Entity.cpp">
      <Filter>Source Files\Engine\Entities</Filter>
    </ClCompile>
    <ClCompile Include="MaterialEntity.cpp">
      <Filter>Source Files\Engine\Entities</Filter>
    </ClCompile>
    <ClCompile Include="InstanceGroup.cpp">
      <Filter>Source Files\Engine\Entities\Instancing</Filter>
    </ClCompile>
    <ClCompile Include="Instancer.cpp">
      <Filter>Source Files\Engine\Entities\Instancing</Filter>
    </ClCompile>
    <ClCompile Include="EntityInstancer.cpp">
      <Filter>Source Files\Engine\Entities\Instancing</Filter>
    </ClCompile>
    <ClCompile Include="Hitbox.cpp">
      <Filter>Source Files\Engine\Hitboxes</Filter>
    </ClCompile>
    <ClCompile Include="TextureManager.cpp">
      <Filter>Source Files\Engine\Managers</Filter>
    </ClCompile>
    <ClCompile Include="CylinderHitbox.cpp">
      <Filter>Source Files\Engine\Hitboxes</Filter>
    </ClCompile>
    <ClCompile Include="MathUtils.cpp">
      <Filter>Source Files\Engine\Math</Filter>
    </ClCompile>
    <ClCompile Include="Circle.cpp">
      <Filter>Source Files\Engine\Math</Filter>
    </ClCompile>
    <ClCompile Include="Transformable.cpp">
      <Filter>Source Files\Engine\Math</Filter>
    </ClCompile>
    <ClCompile Include="Rectangle.cpp">
      <Filter>Source Files\Engine\Math</Filter>
    </ClCompile>
    <ClCompile Include="Shape.cpp">
      <Filter>Source Files\Engine\Math</Filter>
    </ClCompile>
    <ClCompile Include="Polygon.cpp">
      <Filter>Source Files\Engine\Math</Filter>
    </ClCompile>
  </ItemGroup>
  <ItemGroup>
    <ClInclude Include="Renderer.h">
      <Filter>Header Files</Filter>
    </ClInclude>
    <ClInclude Include="Shader.h">
      <Filter>Header Files</Filter>
    </ClInclude>
    <ClInclude Include="Program.h">
      <Filter>Header Files</Filter>
    </ClInclude>
    <ClInclude Include="Mesh.h">
      <Filter>Header Files</Filter>
    </ClInclude>
    <ClInclude Include="Camera.h">
      <Filter>Header Files</Filter>
    </ClInclude>
    <ClInclude Include="Transformable.h">
      <Filter>Header Files</Filter>
    </ClInclude>
    <ClInclude Include="Entity.h">
      <Filter>Header Files</Filter>
    </ClInclude>
    <ClInclude Include="GameEngine.h">
      <Filter>Header Files</Filter>
    </ClInclude>
    <ClInclude Include="App.h">
      <Filter>Header Files</Filter>
    </ClInclude>
    <ClInclude Include="Face.h">
      <Filter>Header Files</Filter>
    </ClInclude>
    <ClInclude Include="Vertex.h">
      <Filter>Header Files</Filter>
    </ClInclude>
    <ClInclude Include="Player.h">
      <Filter>Header Files</Filter>
    </ClInclude>
    <ClInclude Include="Material.h">
      <Filter>Header Files</Filter>
    </ClInclude>
    <ClInclude Include="ResourceManager.h">
      <Filter>Header Files</Filter>
    </ClInclude>
    <ClInclude Include="LightSource.h">
      <Filter>Header Files</Filter>
    </ClInclude>
    <ClInclude Include="InputManager.h">
      <Filter>Header Files</Filter>
    </ClInclude>
    <ClInclude Include="Model.h">
      <Filter>Header Files</Filter>
    </ClInclude>
    <ClInclude Include="Texture.h">
      <Filter>Header Files</Filter>
    </ClInclude>
    <ClInclude Include="TextureManager.h">
      <Filter>Header Files</Filter>
    </ClInclude>
    <ClInclude Include="Utils.h">
      <Filter>Header Files\Static</Filter>
    </ClInclude>
    <ClInclude Include="EngineConstants.h">
      <Filter>Header Files\Static</Filter>
    </ClInclude>
    <ClInclude Include="GLUtils.h">
      <Filter>Header Files\Static</Filter>
    </ClInclude>
    <ClInclude Include="Map.h">
      <Filter>Header Files</Filter>
    </ClInclude>
    <ClInclude Include="InstanceGroup.h">
      <Filter>Header Files</Filter>
    </ClInclude>
    <ClInclude Include="Instancer.h">
      <Filter>Header Files</Filter>
    </ClInclude>
    <ClInclude Include="MaterialEntity.h">
      <Filter>Header Files</Filter>
    </ClInclude>
    <ClInclude Include="EntityInstancer.h">
      <Filter>Header Files</Filter>
    </ClInclude>
    <ClInclude Include="Hitbox.h">
      <Filter>Header Files</Filter>
    </ClInclude>
    <ClInclude Include="CylinderHitbox.h">
      <Filter>Header Files</Filter>
    </ClInclude>
    <ClInclude Include="MathUtils.h">
      <Filter>Header Files</Filter>
    </ClInclude>
    <ClInclude Include="Circle.h">
      <Filter>Header Files</Filter>
    </ClInclude>
    <ClInclude Include="Rectangle.h">
      <Filter>Header Files</Filter>
    </ClInclude>
    <ClInclude Include="Shape.h">
      <Filter>Header Files</Filter>
    </ClInclude>
    <ClInclude Include="Polygon.h">
      <Filter>Header Files</Filter>
    </ClInclude>
  </ItemGroup>
  <ItemGroup>
    <None Include="f_constant.glsl">
      <Filter>Source Files\Shaders\Constant</Filter>
    </None>
    <None Include="f_material.glsl">
      <Filter>Source Files\Shaders\Basic</Filter>
    </None>
    <None Include="v_material.glsl">
      <Filter>Source Files\Shaders\Basic</Filter>
    </None>
  </ItemGroup>
  <ItemGroup>
    <Text Include="v_constant.glsl">
      <Filter>Source Files\Shaders\Constant</Filter>
    </Text>
  </ItemGroup>
</Project>